
Microsoft Visual Studio Solution File, Format Version 12.00
Project("{FAE04EC0-301F-11D3-BF4B-00C04F79EFBC}") = "MineSweeper", "MineSweeper\MineSweeper.csproj", "{5AA87A67-F4B8-4C8E-8780-C5ADE1B01F7E}"
EndProject
Global
	GlobalSection(SolutionConfigurationPlatforms) = preSolution
		Debug|Any CPU = Debug|Any CPU
		Release|Any CPU = Release|Any CPU
	EndGlobalSection
	GlobalSection(ProjectConfigurationPlatforms) = postSolution
		{5AA87A67-F4B8-4C8E-8780-C5ADE1B01F7E}.Debug|Any CPU.ActiveCfg = Debug|Any CPU
		{5AA87A67-F4B8-4C8E-8780-C5ADE1B01F7E}.Debug|Any CPU.Build.0 = Debug|Any CPU
		{5AA87A67-F4B8-4C8E-8780-C5ADE1B01F7E}.Release|Any CPU.ActiveCfg = Release|Any CPU
		{5AA87A67-F4B8-4C8E-8780-C5ADE1B01F7E}.Release|Any CPU.Build.0 = Release|Any CPU
	EndGlobalSection
EndGlobal
